
Microsoft Visual Studio Solution File, Format Version 12.00
# Visual Studio 15
VisualStudioVersion = 15.0.28307.438
MinimumVisualStudioVersion = 10.0.40219.1
Project("{8BC9CEB8-8B4A-11D0-8D11-00A0C91BC942}") = "LightsOut", "LightsOut\LightsOut.vcxproj", "{498BCD2D-E92B-4424-9E1A-2EE948D25E69}"
EndProject
Global
	GlobalSection(SolutionConfigurationPlatforms) = preSolution
		Debug|x64 = Debug|x64
		Debug|x86 = Debug|x86
		Release|x64 = Release|x64
		Release|x86 = Release|x86
	EndGlobalSection
	GlobalSection(ProjectConfigurationPlatforms) = postSolution
		{498BCD2D-E92B-4424-9E1A-2EE948D25E69}.Debug|x64.ActiveCfg = Debug|x64
		{498BCD2D-E92B-4424-9E1A-2EE948D25E69}.Debug|x64.Build.0 = Debug|x64
		{498BCD2D-E92B-4424-9E1A-2EE948D25E69}.Debug|x86.ActiveCfg = Debug|Win32
		{498BCD2D-E92B-4424-9E1A-2EE948D25E69}.Debug|x86.Build.0 = Debug|Win32
		{498BCD2D-E92B-4424-9E1A-2EE948D25E69}.Release|x64.ActiveCfg = Release|x64
		{498BCD2D-E92B-4424-9E1A-2EE948D25E69}.Release|x64.Build.0 = Release|x64
		{498BCD2D-E92B-4424-9E1A-2EE948D25E69}.Release|x86.ActiveCfg = Release|Win32
		{498BCD2D-E92B-4424-9E1A-2EE948D25E69}.Release|x86.Build.0 = Release|Win32
	EndGlobalSection
	GlobalSection(SolutionProperties) = preSolution
		HideSolutionNode = FALSE
	EndGlobalSection
	GlobalSection(ExtensibilityGlobals) = postSolution
		SolutionGuid = {196BA082-4EEE-41B4-AD8D-F8E1DE9F9370}
	EndGlobalSection
EndGlobal
